// !$*UTF8*$!
{
	archiveVersion = 1;
	classes = {
	};
	objectVersion = 46;
	objects = {

/* Begin PBXBuildFile section */
		A677E1301B9793ED009074A0 /* AppDelegate.swift in Sources */ = {isa = PBXBuildFile; fileRef = A677E12F1B9793ED009074A0 /* AppDelegate.swift */; };
		A677E1351B9793ED009074A0 /* Main.storyboard in Resources */ = {isa = PBXBuildFile; fileRef = A677E1331B9793ED009074A0 /* Main.storyboard */; };
		A677E1371B9793ED009074A0 /* Assets.xcassets in Resources */ = {isa = PBXBuildFile; fileRef = A677E1361B9793ED009074A0 /* Assets.xcassets */; };
		A677E13A1B9793ED009074A0 /* LaunchScreen.storyboard in Resources */ = {isa = PBXBuildFile; fileRef = A677E1381B9793ED009074A0 /* LaunchScreen.storyboard */; };
		A677E1451B979466009074A0 /* CAPSOptionsMenu.swift in Sources */ = {isa = PBXBuildFile; fileRef = A677E1421B979466009074A0 /* CAPSOptionsMenu.swift */; };
		A677E1461B979466009074A0 /* CAPSOptionsMenuAction.swift in Sources */ = {isa = PBXBuildFile; fileRef = A677E1431B979466009074A0 /* CAPSOptionsMenuAction.swift */; };
		A677E1471B979466009074A0 /* CAPSOptionsMenuButton.swift in Sources */ = {isa = PBXBuildFile; fileRef = A677E1441B979466009074A0 /* CAPSOptionsMenuButton.swift */; };
		A677E14E1B97972F009074A0 /* MenuTableViewController.swift in Sources */ = {isa = PBXBuildFile; fileRef = A677E14C1B97972F009074A0 /* MenuTableViewController.swift */; };
		A677E14F1B97972F009074A0 /* MenuTableViewController.xib in Resources */ = {isa = PBXBuildFile; fileRef = A677E14D1B97972F009074A0 /* MenuTableViewController.xib */; };
		A677E1521B979745009074A0 /* MenuTableViewCell.swift in Sources */ = {isa = PBXBuildFile; fileRef = A677E1501B979745009074A0 /* MenuTableViewCell.swift */; };
		A677E1531B979745009074A0 /* MenuTableViewCell.xib in Resources */ = {isa = PBXBuildFile; fileRef = A677E1511B979745009074A0 /* MenuTableViewCell.xib */; };
		A677E1561B979847009074A0 /* SmallOptionsMenuViewController.swift in Sources */ = {isa = PBXBuildFile; fileRef = A677E1541B979847009074A0 /* SmallOptionsMenuViewController.swift */; };
		A677E1571B979847009074A0 /* SmallOptionsMenuViewController.xib in Resources */ = {isa = PBXBuildFile; fileRef = A677E1551B979847009074A0 /* SmallOptionsMenuViewController.xib */; };
/* End PBXBuildFile section */

/* Begin PBXFileReference section */
		A677E12C1B9793ED009074A0 /* OptionsMenuDemo.app */ = {isa = PBXFileReference; explicitFileType = wrapper.application; includeInIndex = 0; path = OptionsMenuDemo.app; sourceTree = BUILT_PRODUCTS_DIR; };
		A677E12F1B9793ED009074A0 /* AppDelegate.swift */ = {isa = PBXFileReference; lastKnownFileType = sourcecode.swift; path = AppDelegate.swift; sourceTree = "<group>"; };
		A677E1341B9793ED009074A0 /* Base */ = {isa = PBXFileReference; lastKnownFileType = file.storyboard; name = Base; path = Base.lproj/Main.storyboard; sourceTree = "<group>"; };
		A677E1361B9793ED009074A0 /* Assets.xcassets */ = {isa = PBXFileReference; lastKnownFileType = folder.assetcatalog; path = Assets.xcassets; sourceTree = "<group>"; };
		A677E1391B9793ED009074A0 /* Base */ = {isa = PBXFileReference; lastKnownFileType = file.storyboard; name = Base; path = Base.lproj/LaunchScreen.storyboard; sourceTree = "<group>"; };
		A677E13B1B9793ED009074A0 /* Info.plist */ = {isa = PBXFileReference; lastKnownFileType = text.plist.xml; path = Info.plist; sourceTree = "<group>"; };
		A677E1421B979466009074A0 /* CAPSOptionsMenu.swift */ = {isa = PBXFileReference; fileEncoding = 4; lastKnownFileType = sourcecode.swift; name = CAPSOptionsMenu.swift; path = ../../Classes/CAPSOptionsMenu.swift; sourceTree = "<group>"; };
		A677E1431B979466009074A0 /* CAPSOptionsMenuAction.swift */ = {isa = PBXFileReference; fileEncoding = 4; lastKnownFileType = sourcecode.swift; name = CAPSOptionsMenuAction.swift; path = ../../Classes/CAPSOptionsMenuAction.swift; sourceTree = "<group>"; };
		A677E1441B979466009074A0 /* CAPSOptionsMenuButton.swift */ = {isa = PBXFileReference; fileEncoding = 4; lastKnownFileType = sourcecode.swift; name = CAPSOptionsMenuButton.swift; path = ../../Classes/CAPSOptionsMenuButton.swift; sourceTree = "<group>"; };
		A677E14C1B97972F009074A0 /* MenuTableViewController.swift */ = {isa = PBXFileReference; fileEncoding = 4; lastKnownFileType = sourcecode.swift; path = MenuTableViewController.swift; sourceTree = "<group>"; };
		A677E14D1B97972F009074A0 /* MenuTableViewController.xib */ = {isa = PBXFileReference; fileEncoding = 4; lastKnownFileType = file.xib; path = MenuTableViewController.xib; sourceTree = "<group>"; };
		A677E1501B979745009074A0 /* MenuTableViewCell.swift */ = {isa = PBXFileReference; fileEncoding = 4; lastKnownFileType = sourcecode.swift; path = MenuTableViewCell.swift; sourceTree = "<group>"; };
		A677E1511B979745009074A0 /* MenuTableViewCell.xib */ = {isa = PBXFileReference; fileEncoding = 4; lastKnownFileType = file.xib; path = MenuTableViewCell.xib; sourceTree = "<group>"; };
		A677E1541B979847009074A0 /* SmallOptionsMenuViewController.swift */ = {isa = PBXFileReference; fileEncoding = 4; lastKnownFileType = sourcecode.swift; path = SmallOptionsMenuViewController.swift; sourceTree = "<group>"; };
		A677E1551B979847009074A0 /* SmallOptionsMenuViewController.xib */ = {isa = PBXFileReference; fileEncoding = 4; lastKnownFileType = file.xib; path = SmallOptionsMenuViewController.xib; sourceTree = "<group>"; };
/* End PBXFileReference section */

/* Begin PBXFrameworksBuildPhase section */
		A677E1291B9793ED009074A0 /* Frameworks */ = {
			isa = PBXFrameworksBuildPhase;
			buildActionMask = 2147483647;
			files = (
			);
			runOnlyForDeploymentPostprocessing = 0;
		};
/* End PBXFrameworksBuildPhase section */

/* Begin PBXGroup section */
		A677E1231B9793ED009074A0 = {
			isa = PBXGroup;
			children = (
				A677E12E1B9793ED009074A0 /* OptionsMenuDemo */,
				A677E12D1B9793ED009074A0 /* Products */,
			);
			sourceTree = "<group>";
		};
		A677E12D1B9793ED009074A0 /* Products */ = {
			isa = PBXGroup;
			children = (
				A677E12C1B9793ED009074A0 /* OptionsMenuDemo.app */,
			);
			name = Products;
			sourceTree = "<group>";
		};
		A677E12E1B9793ED009074A0 /* OptionsMenuDemo */ = {
			isa = PBXGroup;
			children = (
				A677E12F1B9793ED009074A0 /* AppDelegate.swift */,
				A677E1331B9793ED009074A0 /* Main.storyboard */,
				A677E1411B979444009074A0 /* Options Menu */,
				A677E14B1B979718009074A0 /* Controllers */,
				A677E1481B9796E1009074A0 /* Table View Cell */,
				A677E1581B979869009074A0 /* Support Files */,
			);
			path = OptionsMenuDemo;
			sourceTree = "<group>";
		};
		A677E1411B979444009074A0 /* Options Menu */ = {
			isa = PBXGroup;
			children = (
				A677E1421B979466009074A0 /* CAPSOptionsMenu.swift */,
				A677E1431B979466009074A0 /* CAPSOptionsMenuAction.swift */,
				A677E1441B979466009074A0 /* CAPSOptionsMenuButton.swift */,
			);
			name = "Options Menu";
			sourceTree = "<group>";
		};
		A677E1481B9796E1009074A0 /* Table View Cell */ = {
			isa = PBXGroup;
			children = (
				A677E1501B979745009074A0 /* MenuTableViewCell.swift */,
				A677E1511B979745009074A0 /* MenuTableViewCell.xib */,
			);
			name = "Table View Cell";
			sourceTree = "<group>";
		};
		A677E14B1B979718009074A0 /* Controllers */ = {
			isa = PBXGroup;
			children = (
				A677E14C1B97972F009074A0 /* MenuTableViewController.swift */,
				A677E14D1B97972F009074A0 /* MenuTableViewController.xib */,
				A677E1541B979847009074A0 /* SmallOptionsMenuViewController.swift */,
				A677E1551B979847009074A0 /* SmallOptionsMenuViewController.xib */,
			);
			name = Controllers;
			sourceTree = "<group>";
		};
		A677E1581B979869009074A0 /* Support Files */ = {
			isa = PBXGroup;
			children = (
				A677E1361B9793ED009074A0 /* Assets.xcassets */,
				A677E1381B9793ED009074A0 /* LaunchScreen.storyboard */,
				A677E13B1B9793ED009074A0 /* Info.plist */,
			);
			name = "Support Files";
			sourceTree = "<group>";
		};
/* End PBXGroup section */

/* Begin PBXNativeTarget section */
		A677E12B1B9793ED009074A0 /* OptionsMenuDemo */ = {
			isa = PBXNativeTarget;
			buildConfigurationList = A677E13E1B9793ED009074A0 /* Build configuration list for PBXNativeTarget "OptionsMenuDemo" */;
			buildPhases = (
				A677E1281B9793ED009074A0 /* Sources */,
				A677E1291B9793ED009074A0 /* Frameworks */,
				A677E12A1B9793ED009074A0 /* Resources */,
			);
			buildRules = (
			);
			dependencies = (
			);
			name = OptionsMenuDemo;
			productName = OptionsMenuDemo;
			productReference = A677E12C1B9793ED009074A0 /* OptionsMenuDemo.app */;
			productType = "com.apple.product-type.application";
		};
/* End PBXNativeTarget section */

/* Begin PBXProject section */
		A677E1241B9793ED009074A0 /* Project object */ = {
			isa = PBXProject;
			attributes = {
				LastUpgradeCheck = 0700;
				ORGANIZATIONNAME = CAPS;
				TargetAttributes = {
					A677E12B1B9793ED009074A0 = {
						CreatedOnToolsVersion = 7.0;
						DevelopmentTeam = Z27X2MWLK6;
						LastSwiftMigration = 0810;
					};
				};
			};
			buildConfigurationList = A677E1271B9793ED009074A0 /* Build configuration list for PBXProject "OptionsMenuDemo" */;
			compatibilityVersion = "Xcode 3.2";
			developmentRegion = English;
			hasScannedForEncodings = 0;
			knownRegions = (
				en,
				Base,
			);
			mainGroup = A677E1231B9793ED009074A0;
			productRefGroup = A677E12D1B9793ED009074A0 /* Products */;
			projectDirPath = "";
			projectRoot = "";
			targets = (
				A677E12B1B9793ED009074A0 /* OptionsMenuDemo */,
			);
		};
/* End PBXProject section */

/* Begin PBXResourcesBuildPhase section */
		A677E12A1B9793ED009074A0 /* Resources */ = {
			isa = PBXResourcesBuildPhase;
			buildActionMask = 2147483647;
			files = (
				A677E14F1B97972F009074A0 /* MenuTableViewController.xib in Resources */,
				A677E13A1B9793ED009074A0 /* LaunchScreen.storyboard in Resources */,
				A677E1371B9793ED009074A0 /* Assets.xcassets in Resources */,
				A677E1531B979745009074A0 /* MenuTableViewCell.xib in Resources */,
				A677E1571B979847009074A0 /* SmallOptionsMenuViewController.xib in Resources */,
				A677E1351B9793ED009074A0 /* Main.storyboard in Resources */,
			);
			runOnlyForDeploymentPostprocessing = 0;
		};
/* End PBXResourcesBuildPhase section */

/* Begin PBXSourcesBuildPhase section */
		A677E1281B9793ED009074A0 /* Sources */ = {
			isa = PBXSourcesBuildPhase;
			buildActionMask = 2147483647;
			files = (
				A677E1561B979847009074A0 /* SmallOptionsMenuViewController.swift in Sources */,
				A677E1461B979466009074A0 /* CAPSOptionsMenuAction.swift in Sources */,
				A677E14E1B97972F009074A0 /* MenuTableViewController.swift in Sources */,
				A677E1521B979745009074A0 /* MenuTableViewCell.swift in Sources */,
				A677E1451B979466009074A0 /* CAPSOptionsMenu.swift in Sources */,
				A677E1471B979466009074A0 /* CAPSOptionsMenuButton.swift in Sources */,
				A677E1301B9793ED009074A0 /* AppDelegate.swift in Sources */,
			);
			runOnlyForDeploymentPostprocessing = 0;
		};
/* End PBXSourcesBuildPhase section */

/* Begin PBXVariantGroup section */
		A677E1331B9793ED009074A0 /* Main.storyboard */ = {
			isa = PBXVariantGroup;
			children = (
				A677E1341B9793ED009074A0 /* Base */,
			);
			name = Main.storyboard;
			sourceTree = "<group>";
		};
		A677E1381B9793ED009074A0 /* LaunchScreen.storyboard */ = {
			isa = PBXVariantGroup;
			children = (
				A677E1391B9793ED009074A0 /* Base */,
			);
			name = LaunchScreen.storyboard;
			sourceTree = "<group>";
		};
/* End PBXVariantGroup section */

/* Begin XCBuildConfiguration section */
		A677E13C1B9793ED009074A0 /* Debug */ = {
			isa = XCBuildConfiguration;
			buildSettings = {
				ALWAYS_SEARCH_USER_PATHS = NO;
				CLANG_CXX_LANGUAGE_STANDARD = "gnu++0x";
				CLANG_CXX_LIBRARY = "libc++";
				CLANG_ENABLE_MODULES = YES;
				CLANG_ENABLE_OBJC_ARC = YES;
				CLANG_WARN_BOOL_CONVERSION = YES;
				CLANG_WARN_CONSTANT_CONVERSION = YES;
				CLANG_WARN_DIRECT_OBJC_ISA_USAGE = YES_ERROR;
				CLANG_WARN_EMPTY_BODY = YES;
				CLANG_WARN_ENUM_CONVERSION = YES;
				CLANG_WARN_INT_CONVERSION = YES;
				CLANG_WARN_OBJC_ROOT_CLASS = YES_ERROR;
				CLANG_WARN_UNREACHABLE_CODE = YES;
				CLANG_WARN__DUPLICATE_METHOD_MATCH = YES;
				"CODE_SIGN_IDENTITY[sdk=iphoneos*]" = "iPhone Developer";
				COPY_PHASE_STRIP = NO;
				DEBUG_INFORMATION_FORMAT = dwarf;
				ENABLE_STRICT_OBJC_MSGSEND = YES;
				ENABLE_TESTABILITY = YES;
				GCC_C_LANGUAGE_STANDARD = gnu99;
				GCC_DYNAMIC_NO_PIC = NO;
				GCC_NO_COMMON_BLOCKS = YES;
				GCC_OPTIMIZATION_LEVEL = 0;
				GCC_PREPROCESSOR_DEFINITIONS = (
					"DEBUG=1",
					"$(inherited)",
				);
				GCC_WARN_64_TO_32_BIT_CONVERSION = YES;
				GCC_WARN_ABOUT_RETURN_TYPE = YES_ERROR;
				GCC_WARN_UNDECLARED_SELECTOR = YES;
				GCC_WARN_UNINITIALIZED_AUTOS = YES_AGGRESSIVE;
				GCC_WARN_UNUSED_FUNCTION = YES;
				GCC_WARN_UNUSED_VARIABLE = YES;
				IPHONEOS_DEPLOYMENT_TARGET = 9.0;
				MTL_ENABLE_DEBUG_INFO = YES;
				ONLY_ACTIVE_ARCH = YES;
				SDKROOT = iphoneos;
				SWIFT_OPTIMIZATION_LEVEL = "-Onone";
				TARGETED_DEVICE_FAMILY = "1,2";
			};
			name = Debug;
		};
		A677E13D1B9793ED009074A0 /* Release */ = {
			isa = XCBuildConfiguration;
			buildSettings = {
				ALWAYS_SEARCH_USER_PATHS = NO;
				CLANG_CXX_LANGUAGE_STANDARD = "gnu++0x";
				CLANG_CXX_LIBRARY = "libc++";
				CLANG_ENABLE_MODULES = YES;
				CLANG_ENABLE_OBJC_ARC = YES;
				CLANG_WARN_BOOL_CONVERSION = YES;
				CLANG_WARN_CONSTANT_CONVERSION = YES;
				CLANG_WARN_DIRECT_OBJC_ISA_USAGE = YES_ERROR;
				CLANG_WARN_EMPTY_BODY = YES;
				CLANG_WARN_ENUM_CONVERSION = YES;
				CLANG_WARN_INT_CONVERSION = YES;
				CLANG_WARN_OBJC_ROOT_CLASS = YES_ERROR;
				CLANG_WARN_UNREACHABLE_CODE = YES;
				CLANG_WARN__DUPLICATE_METHOD_MATCH = YES;
				"CODE_SIGN_IDENTITY[sdk=iphoneos*]" = "iPhone Developer";
				COPY_PHASE_STRIP = NO;
				DEBUG_INFORMATION_FORMAT = "dwarf-with-dsym";
				ENABLE_NS_ASSERTIONS = NO;
				ENABLE_STRICT_OBJC_MSGSEND = YES;
				GCC_C_LANGUAGE_STANDARD = gnu99;
				GCC_NO_COMMON_BLOCKS = YES;
				GCC_WARN_64_TO_32_BIT_CONVERSION = YES;
				GCC_WARN_ABOUT_RETURN_TYPE = YES_ERROR;
				GCC_WARN_UNDECLARED_SELECTOR = YES;
				GCC_WARN_UNINITIALIZED_AUTOS = YES_AGGRESSIVE;
				GCC_WARN_UNUSED_FUNCTION = YES;
				GCC_WARN_UNUSED_VARIABLE = YES;
				IPHONEOS_DEPLOYMENT_TARGET = 9.0;
				MTL_ENABLE_DEBUG_INFO = NO;
				SDKROOT = iphoneos;
				TARGETED_DEVICE_FAMILY = "1,2";
				VALIDATE_PRODUCT = YES;
			};
			name = Release;
		};
		A677E13F1B9793ED009074A0 /* Debug */ = {
			isa = XCBuildConfiguration;
			buildSettings = {
				ASSETCATALOG_COMPILER_APPICON_NAME = AppIcon;
				DEVELOPMENT_TEAM = Z27X2MWLK6;
				INFOPLIST_FILE = OptionsMenuDemo/Info.plist;
				IPHONEOS_DEPLOYMENT_TARGET = 7.0;
				LD_RUNPATH_SEARCH_PATHS = "$(inherited) @executable_path/Frameworks";
				PRODUCT_BUNDLE_IDENTIFIER = caps.ua.edu.OptionsMenuDemo;
				PRODUCT_NAME = "$(TARGET_NAME)";
				SWIFT_VERSION = 3.0;
			};
			name = Debug;
		};
		A677E1401B9793ED009074A0 /* Release */ = {
			isa = XCBuildConfiguration;
			buildSettings = {
				ASSETCATALOG_COMPILER_APPICON_NAME = AppIcon;
				DEVELOPMENT_TEAM = Z27X2MWLK6;
				INFOPLIST_FILE = OptionsMenuDemo/Info.plist;
				IPHONEOS_DEPLOYMENT_TARGET = 7.0;
				LD_RUNPATH_SEARCH_PATHS = "$(inherited) @executable_path/Frameworks";
				PRODUCT_BUNDLE_IDENTIFIER = caps.ua.edu.OptionsMenuDemo;
				PRODUCT_NAME = "$(TARGET_NAME)";
				SWIFT_VERSION = 3.0;
			};
			name = Release;
		};
/* End XCBuildConfiguration section */

/* Begin XCConfigurationList section */
		A677E1271B9793ED009074A0 /* Build configuration list for PBXProject "OptionsMenuDemo" */ = {
			isa = XCConfigurationList;
			buildConfigurations = (
				A677E13C1B9793ED009074A0 /* Debug */,
				A677E13D1B9793ED009074A0 /* Release */,
			);
			defaultConfigurationIsVisible = 0;
			defaultConfigurationName = Release;
		};
		A677E13E1B9793ED009074A0 /* Build configuration list for PBXNativeTarget "OptionsMenuDemo" */ = {
			isa = XCConfigurationList;
			buildConfigurations = (
				A677E13F1B9793ED009074A0 /* Debug */,
				A677E1401B9793ED009074A0 /* Release */,
			);
			defaultConfigurationIsVisible = 0;
			defaultConfigurationName = Release;
		};
/* End XCConfigurationList section */
	};
	rootObject = A677E1241B9793ED009074A0 /* Project object */;
}
